
Microsoft Visual Studio Solution File, Format Version 12.00
# Visual Studio 15
VisualStudioVersion = 15.0.28307.136
MinimumVisualStudioVersion = 10.0.40219.1
Project("{F2A71F9B-5D33-465A-A702-920D77279786}") = "fb2", "fb2\fb2.fsproj", "{82F0B37D-1322-466E-BAA9-51AE2D67C1B6}"
EndProject
Project("{2150E333-8FDC-42A3-9474-1A3956D46DE8}") = "build", "build", "{0DD45222-3130-4C08-8A67-DF1C0DE228ED}"
ProjectSection(SolutionItems) = preProject
	build.fsx = build.fsx
EndProjectSection
EndProject
Project("{F2A71F9B-5D33-465A-A702-920D77279786}") = "IntegrationTests", "IntegrationTests\IntegrationTests.fsproj", "{48B93B2C-5FA1-486D-948B-EEB1F5E6224E}"
EndProject
Global
	GlobalSection(SolutionConfigurationPlatforms) = preSolution
		Debug|Any CPU = Debug|Any CPU
		Release|Any CPU = Release|Any CPU
	EndGlobalSection
	GlobalSection(ProjectConfigurationPlatforms) = postSolution
		{82F0B37D-1322-466E-BAA9-51AE2D67C1B6}.Debug|Any CPU.ActiveCfg = Debug|Any CPU
		{82F0B37D-1322-466E-BAA9-51AE2D67C1B6}.Debug|Any CPU.Build.0 = Debug|Any CPU
		{82F0B37D-1322-466E-BAA9-51AE2D67C1B6}.Release|Any CPU.ActiveCfg = Release|Any CPU
		{82F0B37D-1322-466E-BAA9-51AE2D67C1B6}.Release|Any CPU.Build.0 = Release|Any CPU
		{48B93B2C-5FA1-486D-948B-EEB1F5E6224E}.Debug|Any CPU.ActiveCfg = Debug|Any CPU
		{48B93B2C-5FA1-486D-948B-EEB1F5E6224E}.Debug|Any CPU.Build.0 = Debug|Any CPU
		{48B93B2C-5FA1-486D-948B-EEB1F5E6224E}.Release|Any CPU.ActiveCfg = Release|Any CPU
		{48B93B2C-5FA1-486D-948B-EEB1F5E6224E}.Release|Any CPU.Build.0 = Release|Any CPU
	EndGlobalSection
	GlobalSection(SolutionProperties) = preSolution
		HideSolutionNode = FALSE
	EndGlobalSection
	GlobalSection(ExtensibilityGlobals) = postSolution
		SolutionGuid = {697EBB87-6BB1-46CA-8C2C-6193C52C2AEA}
	EndGlobalSection
EndGlobal
